
Microsoft Visual Studio Solution File, Format Version 12.00
# Visual Studio Version 16
VisualStudioVersion = 16.0.29215.179
MinimumVisualStudioVersion = 10.0.40219.1
Project("{8BC9CEB8-8B4A-11D0-8D11-00A0C91BC942}") = "cng331Project", "cng331Project.vcxproj", "{ACAE7E9E-D0FD-46D3-A997-C2FAE119A992}"
EndProject
Global
	GlobalSection(SolutionConfigurationPlatforms) = preSolution
		Debug|x64 = Debug|x64
		Debug|x86 = Debug|x86
		Release|x64 = Release|x64
		Release|x86 = Release|x86
	EndGlobalSection
	GlobalSection(ProjectConfigurationPlatforms) = postSolution
		{ACAE7E9E-D0FD-46D3-A997-C2FAE119A992}.Debug|x64.ActiveCfg = Debug|x64
		{ACAE7E9E-D0FD-46D3-A997-C2FAE119A992}.Debug|x64.Build.0 = Debug|x64
		{ACAE7E9E-D0FD-46D3-A997-C2FAE119A992}.Debug|x86.ActiveCfg = Debug|Win32
		{ACAE7E9E-D0FD-46D3-A997-C2FAE119A992}.Debug|x86.Build.0 = Debug|Win32
		{ACAE7E9E-D0FD-46D3-A997-C2FAE119A992}.Release|x64.ActiveCfg = Release|x64
		{ACAE7E9E-D0FD-46D3-A997-C2FAE119A992}.Release|x64.Build.0 = Release|x64
		{ACAE7E9E-D0FD-46D3-A997-C2FAE119A992}.Release|x86.ActiveCfg = Release|Win32
		{ACAE7E9E-D0FD-46D3-A997-C2FAE119A992}.Release|x86.Build.0 = Release|Win32
	EndGlobalSection
	GlobalSection(SolutionProperties) = preSolution
		HideSolutionNode = FALSE
	EndGlobalSection
	GlobalSection(ExtensibilityGlobals) = postSolution
		SolutionGuid = {56177722-5F71-41A1-A14A-F463B8739F9A}
	EndGlobalSection
EndGlobal
